// !$*UTF8*$!
{
	archiveVersion = 1;
	classes = {
	};
	objectVersion = 48;
	objects = {

/* Begin PBXBuildFile section */
		2285E69F1EF044CF0006344E /* AppDelegate.m in Sources */ = {isa = PBXBuildFile; fileRef = 2285E69E1EF044CF0006344E /* AppDelegate.m */; };
		2285E6A21EF044CF0006344E /* ViewController.m in Sources */ = {isa = PBXBuildFile; fileRef = 2285E6A11EF044CF0006344E /* ViewController.m */; };
		2285E6A51EF044CF0006344E /* Main.storyboard in Resources */ = {isa = PBXBuildFile; fileRef = 2285E6A31EF044CF0006344E /* Main.storyboard */; };
		2285E6A71EF044CF0006344E /* Assets.xcassets in Resources */ = {isa = PBXBuildFile; fileRef = 2285E6A61EF044CF0006344E /* Assets.xcassets */; };
		2285E6AA1EF044CF0006344E /* LaunchScreen.storyboard in Resources */ = {isa = PBXBuildFile; fileRef = 2285E6A81EF044CF0006344E /* LaunchScreen.storyboard */; };
		2285E6AD1EF044CF0006344E /* main.m in Sources */ = {isa = PBXBuildFile; fileRef = 2285E6AC1EF044CF0006344E /* main.m */; };
		2285E6B51EF04ACC0006344E /* FoodTableViewCell.m in Sources */ = {isa = PBXBuildFile; fileRef = 2285E6B41EF04ACC0006344E /* FoodTableViewCell.m */; };
		2285E6B81EF04C8B0006344E /* RecipeViewController.m in Sources */ = {isa = PBXBuildFile; fileRef = 2285E6B71EF04C8B0006344E /* RecipeViewController.m */; };
		2285E6BB1EF059AA0006344E /* MyTableViewController.m in Sources */ = {isa = PBXBuildFile; fileRef = 2285E6BA1EF059AA0006344E /* MyTableViewController.m */; };
/* End PBXBuildFile section */

/* Begin PBXFileReference section */
		2285E69A1EF044CF0006344E /* Lists.app */ = {isa = PBXFileReference; explicitFileType = wrapper.application; includeInIndex = 0; path = Lists.app; sourceTree = BUILT_PRODUCTS_DIR; };
		2285E69D1EF044CF0006344E /* AppDelegate.h */ = {isa = PBXFileReference; lastKnownFileType = sourcecode.c.h; path = AppDelegate.h; sourceTree = "<group>"; };
		2285E69E1EF044CF0006344E /* AppDelegate.m */ = {isa = PBXFileReference; lastKnownFileType = sourcecode.c.objc; path = AppDelegate.m; sourceTree = "<group>"; };
		2285E6A01EF044CF0006344E /* ViewController.h */ = {isa = PBXFileReference; lastKnownFileType = sourcecode.c.h; path = ViewController.h; sourceTree = "<group>"; };
		2285E6A11EF044CF0006344E /* ViewController.m */ = {isa = PBXFileReference; lastKnownFileType = sourcecode.c.objc; path = ViewController.m; sourceTree = "<group>"; };
		2285E6A41EF044CF0006344E /* Base */ = {isa = PBXFileReference; lastKnownFileType = file.storyboard; name = Base; path = Base.lproj/Main.storyboard; sourceTree = "<group>"; };
		2285E6A61EF044CF0006344E /* Assets.xcassets */ = {isa = PBXFileReference; lastKnownFileType = folder.assetcatalog; path = Assets.xcassets; sourceTree = "<group>"; };
		2285E6A91EF044CF0006344E /* Base */ = {isa = PBXFileReference; lastKnownFileType = file.storyboard; name = Base; path = Base.lproj/LaunchScreen.storyboard; sourceTree = "<group>"; };
		2285E6AB1EF044CF0006344E /* Info.plist */ = {isa = PBXFileReference; lastKnownFileType = text.plist.xml; path = Info.plist; sourceTree = "<group>"; };
		2285E6AC1EF044CF0006344E /* main.m */ = {isa = PBXFileReference; lastKnownFileType = sourcecode.c.objc; path = main.m; sourceTree = "<group>"; };
		2285E6B31EF04ACC0006344E /* FoodTableViewCell.h */ = {isa = PBXFileReference; lastKnownFileType = sourcecode.c.h; path = FoodTableViewCell.h; sourceTree = "<group>"; };
		2285E6B41EF04ACC0006344E /* FoodTableViewCell.m */ = {isa = PBXFileReference; lastKnownFileType = sourcecode.c.objc; path = FoodTableViewCell.m; sourceTree = "<group>"; };
		2285E6B61EF04C8B0006344E /* RecipeViewController.h */ = {isa = PBXFileReference; lastKnownFileType = sourcecode.c.h; path = RecipeViewController.h; sourceTree = "<group>"; };
		2285E6B71EF04C8B0006344E /* RecipeViewController.m */ = {isa = PBXFileReference; lastKnownFileType = sourcecode.c.objc; path = RecipeViewController.m; sourceTree = "<group>"; };
		2285E6B91EF059A90006344E /* MyTableViewController.h */ = {isa = PBXFileReference; lastKnownFileType = sourcecode.c.h; path = MyTableViewController.h; sourceTree = "<group>"; };
		2285E6BA1EF059AA0006344E /* MyTableViewController.m */ = {isa = PBXFileReference; lastKnownFileType = sourcecode.c.objc; path = MyTableViewController.m; sourceTree = "<group>"; };
		2285E6BC1EF0606D0006344E /* README.md */ = {isa = PBXFileReference; lastKnownFileType = net.daringfireball.markdown; path = README.md; sourceTree = "<group>"; };
/* End PBXFileReference section */

/* Begin PBXFrameworksBuildPhase section */
		2285E6971EF044CF0006344E /* Frameworks */ = {
			isa = PBXFrameworksBuildPhase;
			buildActionMask = 2147483647;
			files = (
			);
			runOnlyForDeploymentPostprocessing = 0;
		};
/* End PBXFrameworksBuildPhase section */

/* Begin PBXGroup section */
		2285E6911EF044CF0006344E = {
			isa = PBXGroup;
			children = (
				2285E69C1EF044CF0006344E /* Lists */,
				2285E69B1EF044CF0006344E /* Products */,
			);
			sourceTree = "<group>";
		};
		2285E69B1EF044CF0006344E /* Products */ = {
			isa = PBXGroup;
			children = (
				2285E69A1EF044CF0006344E /* Lists.app */,
			);
			name = Products;
			sourceTree = "<group>";
		};
		2285E69C1EF044CF0006344E /* Lists */ = {
			isa = PBXGroup;
			children = (
				2285E69D1EF044CF0006344E /* AppDelegate.h */,
				2285E6BC1EF0606D0006344E /* README.md */,
				2285E69E1EF044CF0006344E /* AppDelegate.m */,
				2285E6B91EF059A90006344E /* MyTableViewController.h */,
				2285E6BA1EF059AA0006344E /* MyTableViewController.m */,
				2285E6A01EF044CF0006344E /* ViewController.h */,
				2285E6A11EF044CF0006344E /* ViewController.m */,
				2285E6B31EF04ACC0006344E /* FoodTableViewCell.h */,
				2285E6B41EF04ACC0006344E /* FoodTableViewCell.m */,
				2285E6B61EF04C8B0006344E /* RecipeViewController.h */,
				2285E6B71EF04C8B0006344E /* RecipeViewController.m */,
				2285E6A31EF044CF0006344E /* Main.storyboard */,
				2285E6A61EF044CF0006344E /* Assets.xcassets */,
				2285E6A81EF044CF0006344E /* LaunchScreen.storyboard */,
				2285E6AB1EF044CF0006344E /* Info.plist */,
				2285E6AC1EF044CF0006344E /* main.m */,
			);
			path = Lists;
			sourceTree = "<group>";
		};
/* End PBXGroup section */

/* Begin PBXNativeTarget section */
		2285E6991EF044CF0006344E /* Lists */ = {
			isa = PBXNativeTarget;
			buildConfigurationList = 2285E6B01EF044CF0006344E /* Build configuration list for PBXNativeTarget "Lists" */;
			buildPhases = (
				2285E6961EF044CF0006344E /* Sources */,
				2285E6971EF044CF0006344E /* Frameworks */,
				2285E6981EF044CF0006344E /* Resources */,
			);
			buildRules = (
			);
			dependencies = (
			);
			name = Lists;
			productName = Lists;
			productReference = 2285E69A1EF044CF0006344E /* Lists.app */;
			productType = "com.apple.product-type.application";
		};
/* End PBXNativeTarget section */

/* Begin PBXProject section */
		2285E6921EF044CF0006344E /* Project object */ = {
			isa = PBXProject;
			attributes = {
				LastUpgradeCheck = 0900;
				ORGANIZATIONNAME = "Sam Meech-Ward";
				TargetAttributes = {
					2285E6991EF044CF0006344E = {
						CreatedOnToolsVersion = 9.0;
					};
				};
			};
			buildConfigurationList = 2285E6951EF044CF0006344E /* Build configuration list for PBXProject "Lists" */;
			compatibilityVersion = "Xcode 8.0";
			developmentRegion = en;
			hasScannedForEncodings = 0;
			knownRegions = (
				en,
				Base,
			);
			mainGroup = 2285E6911EF044CF0006344E;
			productRefGroup = 2285E69B1EF044CF0006344E /* Products */;
			projectDirPath = "";
			projectRoot = "";
			targets = (
				2285E6991EF044CF0006344E /* Lists */,
			);
		};
/* End PBXProject section */

/* Begin PBXResourcesBuildPhase section */
		2285E6981EF044CF0006344E /* Resources */ = {
			isa = PBXResourcesBuildPhase;
			buildActionMask = 2147483647;
			files = (
				2285E6AA1EF044CF0006344E /* LaunchScreen.storyboard in Resources */,
				2285E6A71EF044CF0006344E /* Assets.xcassets in Resources */,
				2285E6A51EF044CF0006344E /* Main.storyboard in Resources */,
			);
			runOnlyForDeploymentPostprocessing = 0;
		};
/* End PBXResourcesBuildPhase section */

/* Begin PBXSourcesBuildPhase section */
		2285E6961EF044CF0006344E /* Sources */ = {
			isa = PBXSourcesBuildPhase;
			buildActionMask = 2147483647;
			files = (
				2285E6A21EF044CF0006344E /* ViewController.m in Sources */,
				2285E6B51EF04ACC0006344E /* FoodTableViewCell.m in Sources */,
				2285E6AD1EF044CF0006344E /* main.m in Sources */,
				2285E6BB1EF059AA0006344E /* MyTableViewController.m in Sources */,
				2285E69F1EF044CF0006344E /* AppDelegate.m in Sources */,
				2285E6B81EF04C8B0006344E /* RecipeViewController.m in Sources */,
			);
			runOnlyForDeploymentPostprocessing = 0;
		};
/* End PBXSourcesBuildPhase section */

/* Begin PBXVariantGroup section */
		2285E6A31EF044CF0006344E /* Main.storyboard */ = {
			isa = PBXVariantGroup;
			children = (
				2285E6A41EF044CF0006344E /* Base */,
			);
			name = Main.storyboard;
			sourceTree = "<group>";
		};
		2285E6A81EF044CF0006344E /* LaunchScreen.storyboard */ = {
			isa = PBXVariantGroup;
			children = (
				2285E6A91EF044CF0006344E /* Base */,
			);
			name = LaunchScreen.storyboard;
			sourceTree = "<group>";
		};
/* End PBXVariantGroup section */

/* Begin XCBuildConfiguration section */
		2285E6AE1EF044CF0006344E /* Debug */ = {
			isa = XCBuildConfiguration;
			buildSettings = {
				ALWAYS_SEARCH_USER_PATHS = NO;
				CLANG_ANALYZER_NONNULL = YES;
				CLANG_ANALYZER_NUMBER_OBJECT_CONVERSION = YES_AGGRESSIVE;
				CLANG_CXX_LANGUAGE_STANDARD = "gnu++14";
				CLANG_CXX_LIBRARY = "libc++";
				CLANG_ENABLE_MODULES = YES;
				CLANG_ENABLE_OBJC_ARC = YES;
				CLANG_WARN_BLOCK_CAPTURE_AUTORELEASING = YES;
				CLANG_WARN_BOOL_CONVERSION = YES;
				CLANG_WARN_COMMA = YES;
				CLANG_WARN_CONSTANT_CONVERSION = YES;
				CLANG_WARN_DIRECT_OBJC_ISA_USAGE = YES_ERROR;
				CLANG_WARN_DOCUMENTATION_COMMENTS = YES;
				CLANG_WARN_EMPTY_BODY = YES;
				CLANG_WARN_ENUM_CONVERSION = YES;
				CLANG_WARN_INFINITE_RECURSION = YES;
				CLANG_WARN_INT_CONVERSION = YES;
				CLANG_WARN_OBJC_ROOT_CLASS = YES_ERROR;
				CLANG_WARN_RANGE_LOOP_ANALYSIS = YES;
				CLANG_WARN_STRICT_PROTOTYPES = YES;
				CLANG_WARN_SUSPICIOUS_MOVE = YES;
				CLANG_WARN_UNGUARDED_AVAILABILITY = YES_AGGRESSIVE;
				CLANG_WARN_UNREACHABLE_CODE = YES;
				CLANG_WARN__DUPLICATE_METHOD_MATCH = YES;
				CODE_SIGN_IDENTITY = "iPhone Developer";
				COPY_PHASE_STRIP = NO;
				DEBUG_INFORMATION_FORMAT = dwarf;
				ENABLE_STRICT_OBJC_MSGSEND = YES;
				ENABLE_TESTABILITY = YES;
				GCC_C_LANGUAGE_STANDARD = gnu11;
				GCC_DYNAMIC_NO_PIC = NO;
				GCC_NO_COMMON_BLOCKS = YES;
				GCC_OPTIMIZATION_LEVEL = 0;
				GCC_PREPROCESSOR_DEFINITIONS = (
					"DEBUG=1",
					"$(inherited)",
				);
				GCC_WARN_64_TO_32_BIT_CONVERSION = YES;
				GCC_WARN_ABOUT_RETURN_TYPE = YES_ERROR;
				GCC_WARN_UNDECLARED_SELECTOR = YES;
				GCC_WARN_UNINITIALIZED_AUTOS = YES_AGGRESSIVE;
				GCC_WARN_UNUSED_FUNCTION = YES;
				GCC_WARN_UNUSED_VARIABLE = YES;
				IPHONEOS_DEPLOYMENT_TARGET = 11.0;
				MTL_ENABLE_DEBUG_INFO = YES;
				ONLY_ACTIVE_ARCH = YES;
				SDKROOT = iphoneos;
			};
			name = Debug;
		};
		2285E6AF1EF044CF0006344E /* Release */ = {
			isa = XCBuildConfiguration;
			buildSettings = {
				ALWAYS_SEARCH_USER_PATHS = NO;
				CLANG_ANALYZER_NONNULL = YES;
				CLANG_ANALYZER_NUMBER_OBJECT_CONVERSION = YES_AGGRESSIVE;
				CLANG_CXX_LANGUAGE_STANDARD = "gnu++14";
				CLANG_CXX_LIBRARY = "libc++";
				CLANG_ENABLE_MODULES = YES;
				CLANG_ENABLE_OBJC_ARC = YES;
				CLANG_WARN_BLOCK_CAPTURE_AUTORELEASING = YES;
				CLANG_WARN_BOOL_CONVERSION = YES;
				CLANG_WARN_COMMA = YES;
				CLANG_WARN_CONSTANT_CONVERSION = YES;
				CLANG_WARN_DIRECT_OBJC_ISA_USAGE = YES_ERROR;
				CLANG_WARN_DOCUMENTATION_COMMENTS = YES;
				CLANG_WARN_EMPTY_BODY = YES;
				CLANG_WARN_ENUM_CONVERSION = YES;
				CLANG_WARN_INFINITE_RECURSION = YES;
				CLANG_WARN_INT_CONVERSION = YES;
				CLANG_WARN_OBJC_ROOT_CLASS = YES_ERROR;
				CLANG_WARN_RANGE_LOOP_ANALYSIS = YES;
				CLANG_WARN_STRICT_PROTOTYPES = YES;
				CLANG_WARN_SUSPICIOUS_MOVE = YES;
				CLANG_WARN_UNGUARDED_AVAILABILITY = YES_AGGRESSIVE;
				CLANG_WARN_UNREACHABLE_CODE = YES;
				CLANG_WARN__DUPLICATE_METHOD_MATCH = YES;
				CODE_SIGN_IDENTITY = "iPhone Developer";
				COPY_PHASE_STRIP = NO;
				DEBUG_INFORMATION_FORMAT = "dwarf-with-dsym";
				ENABLE_NS_ASSERTIONS = NO;
				ENABLE_STRICT_OBJC_MSGSEND = YES;
				GCC_C_LANGUAGE_STANDARD = gnu11;
				GCC_NO_COMMON_BLOCKS = YES;
				GCC_WARN_64_TO_32_BIT_CONVERSION = YES;
				GCC_WARN_ABOUT_RETURN_TYPE = YES_ERROR;
				GCC_WARN_UNDECLARED_SELECTOR = YES;
				GCC_WARN_UNINITIALIZED_AUTOS = YES_AGGRESSIVE;
				GCC_WARN_UNUSED_FUNCTION = YES;
				GCC_WARN_UNUSED_VARIABLE = YES;
				IPHONEOS_DEPLOYMENT_TARGET = 11.0;
				MTL_ENABLE_DEBUG_INFO = NO;
				SDKROOT = iphoneos;
				VALIDATE_PRODUCT = YES;
			};
			name = Release;
		};
		2285E6B11EF044CF0006344E /* Debug */ = {
			isa = XCBuildConfiguration;
			buildSettings = {
				ASSETCATALOG_COMPILER_APPICON_NAME = AppIcon;
				DEVELOPMENT_TEAM = 7GT6EK8D4J;
				INFOPLIST_FILE = Lists/Info.plist;
				LD_RUNPATH_SEARCH_PATHS = "$(inherited) @executable_path/Frameworks";
				PRODUCT_BUNDLE_IDENTIFIER = "com.meech-ward.Lists";
				PRODUCT_NAME = "$(TARGET_NAME)";
				TARGETED_DEVICE_FAMILY = "1,2";
			};
			name = Debug;
		};
		2285E6B21EF044CF0006344E /* Release */ = {
			isa = XCBuildConfiguration;
			buildSettings = {
				ASSETCATALOG_COMPILER_APPICON_NAME = AppIcon;
				DEVELOPMENT_TEAM = 7GT6EK8D4J;
				INFOPLIST_FILE = Lists/Info.plist;
				LD_RUNPATH_SEARCH_PATHS = "$(inherited) @executable_path/Frameworks";
				PRODUCT_BUNDLE_IDENTIFIER = "com.meech-ward.Lists";
				PRODUCT_NAME = "$(TARGET_NAME)";
				TARGETED_DEVICE_FAMILY = "1,2";
			};
			name = Release;
		};
/* End XCBuildConfiguration section */

/* Begin XCConfigurationList section */
		2285E6951EF044CF0006344E /* Build configuration list for PBXProject "Lists" */ = {
			isa = XCConfigurationList;
			buildConfigurations = (
				2285E6AE1EF044CF0006344E /* Debug */,
				2285E6AF1EF044CF0006344E /* Release */,
			);
			defaultConfigurationIsVisible = 0;
			defaultConfigurationName = Release;
		};
		2285E6B01EF044CF0006344E /* Build configuration list for PBXNativeTarget "Lists" */ = {
			isa = XCConfigurationList;
			buildConfigurations = (
				2285E6B11EF044CF0006344E /* Debug */,
				2285E6B21EF044CF0006344E /* Release */,
			);
			defaultConfigurationIsVisible = 0;
		};
/* End XCConfigurationList section */
	};
	rootObject = 2285E6921EF044CF0006344E /* Project object */;
}
